
Microsoft Visual Studio Solution File, Format Version 12.00
# Visual Studio Version 16
VisualStudioVersion = 16.0.29509.3
MinimumVisualStudioVersion = 10.0.40219.1
Project("{FAE04EC0-301F-11D3-BF4B-00C04F79EFBC}") = "Helio.Common.Core", "Helio.Common.Core\Helio.Common.Core.csproj", "{DBC9480A-82AE-4F80-A309-AE50E4DFBCCB}"
EndProject
Global
	GlobalSection(SolutionConfigurationPlatforms) = preSolution
		Debug|Any CPU = Debug|Any CPU
		Release|Any CPU = Release|Any CPU
	EndGlobalSection
	GlobalSection(ProjectConfigurationPlatforms) = postSolution
		{DBC9480A-82AE-4F80-A309-AE50E4DFBCCB}.Debug|Any CPU.ActiveCfg = Debug|Any CPU
		{DBC9480A-82AE-4F80-A309-AE50E4DFBCCB}.Debug|Any CPU.Build.0 = Debug|Any CPU
		{DBC9480A-82AE-4F80-A309-AE50E4DFBCCB}.Release|Any CPU.ActiveCfg = Release|Any CPU
		{DBC9480A-82AE-4F80-A309-AE50E4DFBCCB}.Release|Any CPU.Build.0 = Release|Any CPU
	EndGlobalSection
	GlobalSection(SolutionProperties) = preSolution
		HideSolutionNode = FALSE
	EndGlobalSection
	GlobalSection(ExtensibilityGlobals) = postSolution
		SolutionGuid = {AE14DBB6-38AC-4E7A-B3F5-6CE2CFB91C32}
	EndGlobalSection
EndGlobal
